
Microsoft Visual Studio Solution File, Format Version 12.00
# Visual Studio Version 17
VisualStudioVersion = 17.0.31717.71
MinimumVisualStudioVersion = 10.0.40219.1
Project("{FAE04EC0-301F-11D3-BF4B-00C04F79EFBC}") = "IsMAC48Address_CodeSignal_Arcade", "IsMAC48Address_CodeSignal_Arcade\IsMAC48Address_CodeSignal_Arcade.csproj", "{D934DB42-067E-4209-8FAE-56A38A030BEF}"
EndProject
Global
	GlobalSection(SolutionConfigurationPlatforms) = preSolution
		Debug|Any CPU = Debug|Any CPU
		Release|Any CPU = Release|Any CPU
	EndGlobalSection
	GlobalSection(ProjectConfigurationPlatforms) = postSolution
		{D934DB42-067E-4209-8FAE-56A38A030BEF}.Debug|Any CPU.ActiveCfg = Debug|Any CPU
		{D934DB42-067E-4209-8FAE-56A38A030BEF}.Debug|Any CPU.Build.0 = Debug|Any CPU
		{D934DB42-067E-4209-8FAE-56A38A030BEF}.Release|Any CPU.ActiveCfg = Release|Any CPU
		{D934DB42-067E-4209-8FAE-56A38A030BEF}.Release|Any CPU.Build.0 = Release|Any CPU
	EndGlobalSection
	GlobalSection(SolutionProperties) = preSolution
		HideSolutionNode = FALSE
	EndGlobalSection
	GlobalSection(ExtensibilityGlobals) = postSolution
		SolutionGuid = {55062815-9B3B-4A7D-820F-7D206111C5CE}
	EndGlobalSection
EndGlobal
